
Microsoft Visual Studio Solution File, Format Version 12.00
# Visual Studio Version 17
VisualStudioVersion = 17.3.32929.385
MinimumVisualStudioVersion = 10.0.40219.1
Project("{FAE04EC0-301F-11D3-BF4B-00C04F79EFBC}") = "TPCampo", "TPCampo\TPCampo.csproj", "{219CD770-4B73-4E34-B771-84BAD7A11129}"
EndProject
Global
	GlobalSection(SolutionConfigurationPlatforms) = preSolution
		Debug|Any CPU = Debug|Any CPU
		Release|Any CPU = Release|Any CPU
	EndGlobalSection
	GlobalSection(ProjectConfigurationPlatforms) = postSolution
		{219CD770-4B73-4E34-B771-84BAD7A11129}.Debug|Any CPU.ActiveCfg = Debug|Any CPU
		{219CD770-4B73-4E34-B771-84BAD7A11129}.Debug|Any CPU.Build.0 = Debug|Any CPU
		{219CD770-4B73-4E34-B771-84BAD7A11129}.Release|Any CPU.ActiveCfg = Release|Any CPU
		{219CD770-4B73-4E34-B771-84BAD7A11129}.Release|Any CPU.Build.0 = Release|Any CPU
	EndGlobalSection
	GlobalSection(SolutionProperties) = preSolution
		HideSolutionNode = FALSE
	EndGlobalSection
	GlobalSection(ExtensibilityGlobals) = postSolution
		SolutionGuid = {46E4A37F-A1A1-4D1E-B18D-737F5576E7E5}
	EndGlobalSection
EndGlobal
